
Microsoft Visual Studio Solution File, Format Version 12.00
# Visual Studio Version 17
VisualStudioVersion = 17.9.34728.123
MinimumVisualStudioVersion = 10.0.40219.1
Project("{9A19103F-16F7-4668-BE54-9A1E7A4F7556}") = "FinTrack.API", "FinTrack.API.csproj", "{2EB03A98-1E50-4A7A-A9E5-8073C32E1183}"
EndProject
Global
	GlobalSection(SolutionConfigurationPlatforms) = preSolution
		Debug|Any CPU = Debug|Any CPU
		Release|Any CPU = Release|Any CPU
	EndGlobalSection
	GlobalSection(ProjectConfigurationPlatforms) = postSolution
		{2EB03A98-1E50-4A7A-A9E5-8073C32E1183}.Debug|Any CPU.ActiveCfg = Debug|Any CPU
		{2EB03A98-1E50-4A7A-A9E5-8073C32E1183}.Debug|Any CPU.Build.0 = Debug|Any CPU
		{2EB03A98-1E50-4A7A-A9E5-8073C32E1183}.Release|Any CPU.ActiveCfg = Release|Any CPU
		{2EB03A98-1E50-4A7A-A9E5-8073C32E1183}.Release|Any CPU.Build.0 = Release|Any CPU
	EndGlobalSection
	GlobalSection(SolutionProperties) = preSolution
		HideSolutionNode = FALSE
	EndGlobalSection
	GlobalSection(ExtensibilityGlobals) = postSolution
		SolutionGuid = {E6B7ECF4-A3AE-4231-97FD-9A5ED1301F31}
	EndGlobalSection
EndGlobal
